
Microsoft Visual Studio Solution File, Format Version 12.00
# Visual Studio Version 17
VisualStudioVersion = 17.8.34525.116
MinimumVisualStudioVersion = 10.0.40219.1
Project("{FAE04EC0-301F-11D3-BF4B-00C04F79EFBC}") = "13.02", "13.02\13.02.csproj", "{9A452E98-3DE1-4A6A-B006-949FDD2DECB7}"
EndProject
Project("{FAE04EC0-301F-11D3-BF4B-00C04F79EFBC}") = "13.02.2", "13.02.2\13.02.2.csproj", "{16D1172C-4B85-4410-B396-464B58A260E9}"
EndProject
Project("{FAE04EC0-301F-11D3-BF4B-00C04F79EFBC}") = "13.02.3", "13.02.3\13.02.3.csproj", "{DB465038-2BD1-4D79-A356-D6DC7C03249D}"
EndProject
Global
	GlobalSection(SolutionConfigurationPlatforms) = preSolution
		Debug|Any CPU = Debug|Any CPU
		Release|Any CPU = Release|Any CPU
	EndGlobalSection
	GlobalSection(ProjectConfigurationPlatforms) = postSolution
		{9A452E98-3DE1-4A6A-B006-949FDD2DECB7}.Debug|Any CPU.ActiveCfg = Debug|Any CPU
		{9A452E98-3DE1-4A6A-B006-949FDD2DECB7}.Debug|Any CPU.Build.0 = Debug|Any CPU
		{9A452E98-3DE1-4A6A-B006-949FDD2DECB7}.Release|Any CPU.ActiveCfg = Release|Any CPU
		{9A452E98-3DE1-4A6A-B006-949FDD2DECB7}.Release|Any CPU.Build.0 = Release|Any CPU
		{16D1172C-4B85-4410-B396-464B58A260E9}.Debug|Any CPU.ActiveCfg = Debug|Any CPU
		{16D1172C-4B85-4410-B396-464B58A260E9}.Debug|Any CPU.Build.0 = Debug|Any CPU
		{16D1172C-4B85-4410-B396-464B58A260E9}.Release|Any CPU.ActiveCfg = Release|Any CPU
		{16D1172C-4B85-4410-B396-464B58A260E9}.Release|Any CPU.Build.0 = Release|Any CPU
		{DB465038-2BD1-4D79-A356-D6DC7C03249D}.Debug|Any CPU.ActiveCfg = Debug|Any CPU
		{DB465038-2BD1-4D79-A356-D6DC7C03249D}.Debug|Any CPU.Build.0 = Debug|Any CPU
		{DB465038-2BD1-4D79-A356-D6DC7C03249D}.Release|Any CPU.ActiveCfg = Release|Any CPU
		{DB465038-2BD1-4D79-A356-D6DC7C03249D}.Release|Any CPU.Build.0 = Release|Any CPU
	EndGlobalSection
	GlobalSection(SolutionProperties) = preSolution
		HideSolutionNode = FALSE
	EndGlobalSection
	GlobalSection(ExtensibilityGlobals) = postSolution
		SolutionGuid = {414B3F2D-06A5-4DCC-8348-1083B95DCF15}
	EndGlobalSection
EndGlobal
